{
  "nodes": {
    "logos-nix": {
      "inputs": {
        "nixpkgs": "nixpkgs"
      },
      "locked": {
        "lastModified": 1774455309,
        "narHash": "sha256-3AN7aFnArdysrbQQ2UskWzjNSFADb4hDCsnx69Fa0ng=",
        "owner": "logos-co",
        "repo": "logos-nix",
        "rev": "e637a1f5e871244d1c2df1e3c52a067f2eb406f2",
        "type": "github"
      },
      "original": {
        "owner": "logos-co",
        "repo": "logos-nix",
        "type": "github"
      }
    },
    "nix-bundle-appimage": {
      "inputs": {
        "logos-nix": [
          "logos-nix"
        ],
        "nix-bundle-dir": [
          "nix-bundle-dir"
        ],
        "nixpkgs": [
          "nixpkgs"
        ]
      },
      "locked": {
        "lastModified": 1776974156,
        "narHash": "sha256-VzzOBZEIuPWaqDf8YgmVW/VbA3POFwLU5qAruMFw/JA=",
        "owner": "logos-co",
        "repo": "nix-bundle-appimage",
        "rev": "8fcc56b5afcc313ca917cf3487be082ae2f0184c",
        "type": "github"
      },
      "original": {
        "owner": "logos-co",
        "repo": "nix-bundle-appimage",
        "type": "github"
      }
    },
    "nix-bundle-dir": {
      "inputs": {
        "logos-nix": [
          "logos-nix"
        ],
        "nixpkgs": [
          "nixpkgs"
        ]
      },
      "locked": {
        "lastModified": 1782913618,
        "narHash": "sha256-WzkZzJ3VSotFMOjbEDfjHZP0KoBW6GVi1Xc9i1E6mMY=",
        "owner": "logos-co",
        "repo": "nix-bundle-dir",
        "rev": "4f72d7a64dd83979d771c17161f23ebc9dbedb40",
        "type": "github"
      },
      "original": {
        "owner": "logos-co",
        "repo": "nix-bundle-dir",
        "type": "github"
      }
    },
    "nix-bundle-macos-app": {
      "inputs": {
        "logos-nix": [
          "logos-nix"
        ],
        "nix-bundle-dir": [
          "nix-bundle-dir"
        ],
        "nixpkgs": [
          "nixpkgs"
        ]
      },
      "locked": {
        "lastModified": 1781728271,
        "narHash": "sha256-LHdzXrQPJCEVLC9cntURu8O9qSPPrePoVBzZd0UFGN0=",
        "owner": "logos-co",
        "repo": "nix-bundle-macos-app",
        "rev": "d6b0cc518e599ab7a52258bf3e1f8123c8a01d31",
        "type": "github"
      },
      "original": {
        "owner": "logos-co",
        "repo": "nix-bundle-macos-app",
        "type": "github"
      }
    },
    "nixpkgs": {
      "locked": {
        "lastModified": 1759036355,
        "narHash": "sha256-0m27AKv6ka+q270dw48KflE0LwQYrO7Fm4/2//KCVWg=",
        "owner": "NixOS",
        "repo": "nixpkgs",
        "rev": "e9f00bd893984bc8ce46c895c3bf7cac95331127",
        "type": "github"
      },
      "original": {
        "owner": "NixOS",
        "ref": "nixos-unstable",
        "repo": "nixpkgs",
        "type": "github"
      }
    },
    "root": {
      "inputs": {
        "logos-nix": "logos-nix",
        "nix-bundle-appimage": "nix-bundle-appimage",
        "nix-bundle-dir": "nix-bundle-dir",
        "nix-bundle-macos-app": "nix-bundle-macos-app",
        "nixpkgs": [
          "logos-nix",
          "nixpkgs"
        ]
      }
    }
  },
  "root": "root",
  "version": 7
}
